
Microsoft Visual Studio Solution File, Format Version 12.00
Project("{2150E333-8FDC-42A3-9474-1A3956D46DE8}") = "src", "src", "{120D5DD8-2EAA-4C39-809E-461A2B7972FF}"
EndProject
Project("{2150E333-8FDC-42A3-9474-1A3956D46DE8}") = "Catalog", "Catalog", "{E2C925D1-4416-47F3-8D49-56E6D652C2C3}"
EndProject
Project("{FAE04EC0-301F-11D3-BF4B-00C04F79EFBC}") = "Catalog.API", "src\Catalog\Catalog.API\Catalog.API.csproj", "{D3BC5907-0DD0-4667-91D4-B45451C16B4B}"
EndProject
Global
	GlobalSection(SolutionConfigurationPlatforms) = preSolution
		Debug|Any CPU = Debug|Any CPU
		Release|Any CPU = Release|Any CPU
	EndGlobalSection
	GlobalSection(NestedProjects) = preSolution
		{E2C925D1-4416-47F3-8D49-56E6D652C2C3} = {120D5DD8-2EAA-4C39-809E-461A2B7972FF}
		{D3BC5907-0DD0-4667-91D4-B45451C16B4B} = {E2C925D1-4416-47F3-8D49-56E6D652C2C3}
	EndGlobalSection
	GlobalSection(ProjectConfigurationPlatforms) = postSolution
		{D3BC5907-0DD0-4667-91D4-B45451C16B4B}.Debug|Any CPU.ActiveCfg = Debug|Any CPU
		{D3BC5907-0DD0-4667-91D4-B45451C16B4B}.Debug|Any CPU.Build.0 = Debug|Any CPU
		{D3BC5907-0DD0-4667-91D4-B45451C16B4B}.Release|Any CPU.ActiveCfg = Release|Any CPU
		{D3BC5907-0DD0-4667-91D4-B45451C16B4B}.Release|Any CPU.Build.0 = Release|Any CPU
	EndGlobalSection
EndGlobal
